
Microsoft Visual Studio Solution File, Format Version 11.00
# Visual Studio 2010
Project("{FAE04EC0-301F-11D3-BF4B-00C04F79EFBC}") = "NEC", "NEC\NEC.csproj", "{3A5565F4-6E0B-4AE7-A998-7E846CD60C99}"
EndProject
Project("{54435603-DBB4-11D2-8724-00A0C9A8B90C}") = "NECSetup", "NECSetup\NECSetup.vdproj", "{159FEDD8-9C39-4C43-8C8A-926EB521B07F}"
EndProject
Global
	GlobalSection(SolutionConfigurationPlatforms) = preSolution
		Debug|x86 = Debug|x86
		Release|x86 = Release|x86
	EndGlobalSection
	GlobalSection(ProjectConfigurationPlatforms) = postSolution
		{3A5565F4-6E0B-4AE7-A998-7E846CD60C99}.Debug|x86.ActiveCfg = Debug|x86
		{3A5565F4-6E0B-4AE7-A998-7E846CD60C99}.Debug|x86.Build.0 = Debug|x86
		{3A5565F4-6E0B-4AE7-A998-7E846CD60C99}.Release|x86.ActiveCfg = Release|x86
		{3A5565F4-6E0B-4AE7-A998-7E846CD60C99}.Release|x86.Build.0 = Release|x86
		{159FEDD8-9C39-4C43-8C8A-926EB521B07F}.Debug|x86.ActiveCfg = Debug
		{159FEDD8-9C39-4C43-8C8A-926EB521B07F}.Release|x86.ActiveCfg = Release
	EndGlobalSection
	GlobalSection(SolutionProperties) = preSolution
		HideSolutionNode = FALSE
	EndGlobalSection
EndGlobal
